
Microsoft Visual Studio Solution File, Format Version 9.00
# Visual Studio 2005
Project("{54435603-DBB4-11D2-8724-00A0C9A8B90C}") = "SetupMobilis", "SetupMobilis\SetupMobilis.vdproj", "{E572C86F-A95A-4CF4-86AD-6D761A8F63FB}"
EndProject
Global
	GlobalSection(SolutionConfigurationPlatforms) = preSolution
		Debug|Default = Debug|Default
		Release|Default = Release|Default
	EndGlobalSection
	GlobalSection(ProjectConfigurationPlatforms) = postSolution
		{E572C86F-A95A-4CF4-86AD-6D761A8F63FB}.Debug|Default.ActiveCfg = Debug
		{E572C86F-A95A-4CF4-86AD-6D761A8F63FB}.Debug|Default.Build.0 = Debug
		{E572C86F-A95A-4CF4-86AD-6D761A8F63FB}.Release|Default.ActiveCfg = Release
		{E572C86F-A95A-4CF4-86AD-6D761A8F63FB}.Release|Default.Build.0 = Release
	EndGlobalSection
	GlobalSection(SolutionProperties) = preSolution
		HideSolutionNode = FALSE
	EndGlobalSection
EndGlobal
